
Microsoft Visual Studio Solution File, Format Version 12.00
# Visual Studio Version 17
VisualStudioVersion = 17.3.32922.545
MinimumVisualStudioVersion = 10.0.40219.1
Project("{FAE04EC0-301F-11D3-BF4B-00C04F79EFBC}") = "Auth", "Auth.csproj", "{1E2D2A1E-0E15-4D7C-9674-5E400A11968A}"
EndProject
Global
	GlobalSection(SolutionConfigurationPlatforms) = preSolution
		Debug|Any CPU = Debug|Any CPU
		Release|Any CPU = Release|Any CPU
	EndGlobalSection
	GlobalSection(ProjectConfigurationPlatforms) = postSolution
		{1E2D2A1E-0E15-4D7C-9674-5E400A11968A}.Debug|Any CPU.ActiveCfg = Debug|Any CPU
		{1E2D2A1E-0E15-4D7C-9674-5E400A11968A}.Debug|Any CPU.Build.0 = Debug|Any CPU
		{1E2D2A1E-0E15-4D7C-9674-5E400A11968A}.Release|Any CPU.ActiveCfg = Release|Any CPU
		{1E2D2A1E-0E15-4D7C-9674-5E400A11968A}.Release|Any CPU.Build.0 = Release|Any CPU
	EndGlobalSection
	GlobalSection(SolutionProperties) = preSolution
		HideSolutionNode = FALSE
	EndGlobalSection
	GlobalSection(ExtensibilityGlobals) = postSolution
		SolutionGuid = {25806680-87AB-47C7-86CC-887A1364DD63}
	EndGlobalSection
EndGlobal
