
Microsoft Visual Studio Solution File, Format Version 12.00
# Visual Studio Version 17
VisualStudioVersion = 17.3.32922.545
MinimumVisualStudioVersion = 10.0.40219.1
Project("{9A19103F-16F7-4668-BE54-9A1E7A4F7556}") = "Auth.API", "Auth.API.csproj", "{1E2D2A1E-0E15-4D7C-9674-5E400A11968A}"
EndProject
Project("{9A19103F-16F7-4668-BE54-9A1E7A4F7556}") = "Auth.Infrastucture", "..\Auth.Infrastucture\Auth.Infrastucture.csproj", "{0418F748-BE28-431D-81CB-7F5304A381C4}"
EndProject
Project("{9A19103F-16F7-4668-BE54-9A1E7A4F7556}") = "Auth.Domain", "..\Auth.Domain\Auth.Domain.csproj", "{824E8AF3-8FEA-4948-B7E5-B047B301903B}"
EndProject
Global
	GlobalSection(SolutionConfigurationPlatforms) = preSolution
		Debug|Any CPU = Debug|Any CPU
		Release|Any CPU = Release|Any CPU
	EndGlobalSection
	GlobalSection(ProjectConfigurationPlatforms) = postSolution
		{1E2D2A1E-0E15-4D7C-9674-5E400A11968A}.Debug|Any CPU.ActiveCfg = Debug|Any CPU
		{1E2D2A1E-0E15-4D7C-9674-5E400A11968A}.Debug|Any CPU.Build.0 = Debug|Any CPU
		{1E2D2A1E-0E15-4D7C-9674-5E400A11968A}.Release|Any CPU.ActiveCfg = Release|Any CPU
		{1E2D2A1E-0E15-4D7C-9674-5E400A11968A}.Release|Any CPU.Build.0 = Release|Any CPU
		{0418F748-BE28-431D-81CB-7F5304A381C4}.Debug|Any CPU.ActiveCfg = Debug|Any CPU
		{0418F748-BE28-431D-81CB-7F5304A381C4}.Debug|Any CPU.Build.0 = Debug|Any CPU
		{0418F748-BE28-431D-81CB-7F5304A381C4}.Release|Any CPU.ActiveCfg = Release|Any CPU
		{0418F748-BE28-431D-81CB-7F5304A381C4}.Release|Any CPU.Build.0 = Release|Any CPU
		{824E8AF3-8FEA-4948-B7E5-B047B301903B}.Debug|Any CPU.ActiveCfg = Debug|Any CPU
		{824E8AF3-8FEA-4948-B7E5-B047B301903B}.Debug|Any CPU.Build.0 = Debug|Any CPU
		{824E8AF3-8FEA-4948-B7E5-B047B301903B}.Release|Any CPU.ActiveCfg = Release|Any CPU
		{824E8AF3-8FEA-4948-B7E5-B047B301903B}.Release|Any CPU.Build.0 = Release|Any CPU
	EndGlobalSection
	GlobalSection(SolutionProperties) = preSolution
		HideSolutionNode = FALSE
	EndGlobalSection
	GlobalSection(ExtensibilityGlobals) = postSolution
		SolutionGuid = {25806680-87AB-47C7-86CC-887A1364DD63}
	EndGlobalSection
EndGlobal
