
Microsoft Visual Studio Solution File, Format Version 12.00
# Visual Studio Version 17
VisualStudioVersion = 17.3.32922.545
MinimumVisualStudioVersion = 10.0.40219.1
Project("{FAE04EC0-301F-11D3-BF4B-00C04F79EFBC}") = "EventBusRabbitMQ", "EventBusRabbitMQ.csproj", "{BA1EB46B-3B00-465D-97D6-66367C16EA3E}"
EndProject
Project("{FAE04EC0-301F-11D3-BF4B-00C04F79EFBC}") = "EventBus", "..\EventBus\EventBus.csproj", "{7D77F7BC-B070-4DBC-9F4C-B3C69D40E3D7}"
EndProject
Global
	GlobalSection(SolutionConfigurationPlatforms) = preSolution
		Debug|Any CPU = Debug|Any CPU
		Release|Any CPU = Release|Any CPU
	EndGlobalSection
	GlobalSection(ProjectConfigurationPlatforms) = postSolution
		{BA1EB46B-3B00-465D-97D6-66367C16EA3E}.Debug|Any CPU.ActiveCfg = Debug|Any CPU
		{BA1EB46B-3B00-465D-97D6-66367C16EA3E}.Debug|Any CPU.Build.0 = Debug|Any CPU
		{BA1EB46B-3B00-465D-97D6-66367C16EA3E}.Release|Any CPU.ActiveCfg = Release|Any CPU
		{BA1EB46B-3B00-465D-97D6-66367C16EA3E}.Release|Any CPU.Build.0 = Release|Any CPU
		{7D77F7BC-B070-4DBC-9F4C-B3C69D40E3D7}.Debug|Any CPU.ActiveCfg = Debug|Any CPU
		{7D77F7BC-B070-4DBC-9F4C-B3C69D40E3D7}.Debug|Any CPU.Build.0 = Debug|Any CPU
		{7D77F7BC-B070-4DBC-9F4C-B3C69D40E3D7}.Release|Any CPU.ActiveCfg = Release|Any CPU
		{7D77F7BC-B070-4DBC-9F4C-B3C69D40E3D7}.Release|Any CPU.Build.0 = Release|Any CPU
	EndGlobalSection
	GlobalSection(SolutionProperties) = preSolution
		HideSolutionNode = FALSE
	EndGlobalSection
	GlobalSection(ExtensibilityGlobals) = postSolution
		SolutionGuid = {42223373-06EA-4EE2-A776-3214B04FF41A}
	EndGlobalSection
EndGlobal
