
Microsoft Visual Studio Solution File, Format Version 12.00
# Visual Studio Version 17
VisualStudioVersion = 17.3.32922.545
MinimumVisualStudioVersion = 10.0.40219.1
Project("{9A19103F-16F7-4668-BE54-9A1E7A4F7556}") = "User.API", "User.API.csproj", "{318B0F94-F9F4-40C7-B82A-7882A2EA622B}"
EndProject
Project("{9A19103F-16F7-4668-BE54-9A1E7A4F7556}") = "User.Domain", "..\User.Domain\User.Domain.csproj", "{5B4FB44D-3854-490F-83F8-ADD5F47B63CF}"
EndProject
Project("{9A19103F-16F7-4668-BE54-9A1E7A4F7556}") = "User.Infrastructure", "..\User.Infrastructure\User.Infrastructure.csproj", "{F6822C5C-385B-48F4-BB1C-EA1398325789}"
EndProject
Global
	GlobalSection(SolutionConfigurationPlatforms) = preSolution
		Debug|Any CPU = Debug|Any CPU
		Release|Any CPU = Release|Any CPU
	EndGlobalSection
	GlobalSection(ProjectConfigurationPlatforms) = postSolution
		{318B0F94-F9F4-40C7-B82A-7882A2EA622B}.Debug|Any CPU.ActiveCfg = Debug|Any CPU
		{318B0F94-F9F4-40C7-B82A-7882A2EA622B}.Debug|Any CPU.Build.0 = Debug|Any CPU
		{318B0F94-F9F4-40C7-B82A-7882A2EA622B}.Release|Any CPU.ActiveCfg = Release|Any CPU
		{318B0F94-F9F4-40C7-B82A-7882A2EA622B}.Release|Any CPU.Build.0 = Release|Any CPU
		{5B4FB44D-3854-490F-83F8-ADD5F47B63CF}.Debug|Any CPU.ActiveCfg = Debug|Any CPU
		{5B4FB44D-3854-490F-83F8-ADD5F47B63CF}.Debug|Any CPU.Build.0 = Debug|Any CPU
		{5B4FB44D-3854-490F-83F8-ADD5F47B63CF}.Release|Any CPU.ActiveCfg = Release|Any CPU
		{5B4FB44D-3854-490F-83F8-ADD5F47B63CF}.Release|Any CPU.Build.0 = Release|Any CPU
		{F6822C5C-385B-48F4-BB1C-EA1398325789}.Debug|Any CPU.ActiveCfg = Debug|Any CPU
		{F6822C5C-385B-48F4-BB1C-EA1398325789}.Debug|Any CPU.Build.0 = Debug|Any CPU
		{F6822C5C-385B-48F4-BB1C-EA1398325789}.Release|Any CPU.ActiveCfg = Release|Any CPU
		{F6822C5C-385B-48F4-BB1C-EA1398325789}.Release|Any CPU.Build.0 = Release|Any CPU
	EndGlobalSection
	GlobalSection(SolutionProperties) = preSolution
		HideSolutionNode = FALSE
	EndGlobalSection
	GlobalSection(ExtensibilityGlobals) = postSolution
		SolutionGuid = {EBB89AF9-4C9F-4A6D-A8FE-34888C88A026}
	EndGlobalSection
EndGlobal
